# This file is automatically @generated by Cargo.
# It is not intended for manual editing.
version = 4

[[package]]
name = "tempeh-control"
version = "0.1.0"
dependencies = [
 "tempeh-model",
 "tempeh-sim",
]

[[package]]
name = "tempeh-model"
version = "0.1.0"

[[package]]
name = "tempeh-os"
version = "0.1.0"
dependencies = [
 "tempeh-control",
 "tempeh-model",
 "tempeh-sim",
]

[[package]]
name = "tempeh-sim"
version = "0.1.0"
dependencies = [
 "tempeh-model",
]
