# This file is automatically @generated by Cargo.
# It is not intended for manual editing.
version = 4

[[package]]
name = "tempeh-control"
version = "0.1.0"
dependencies = [
 "tempehcore",
]

[[package]]
name = "tempeh-os"
version = "0.1.0"
dependencies = [
 "tempeh-control",
 "tempehcore",
]

[[package]]
name = "tempehcore"
version = "0.1.0"
